
Microsoft Visual Studio Solution File, Format Version 12.00
# Visual Studio Version 16
VisualStudioVersion = 16.0.31112.23
MinimumVisualStudioVersion = 10.0.40219.1
Project("{FAE04EC0-301F-11D3-BF4B-00C04F79EFBC}") = "OnlineHelpDesk", "OnlineHelpDesk\OnlineHelpDesk.csproj", "{EB25C9A0-E090-4A65-8CB1-E0AA1646DC45}"
EndProject
Global
	GlobalSection(SolutionConfigurationPlatforms) = preSolution
		Debug|Any CPU = Debug|Any CPU
		Release|Any CPU = Release|Any CPU
	EndGlobalSection
	GlobalSection(ProjectConfigurationPlatforms) = postSolution
		{EB25C9A0-E090-4A65-8CB1-E0AA1646DC45}.Debug|Any CPU.ActiveCfg = Debug|Any CPU
		{EB25C9A0-E090-4A65-8CB1-E0AA1646DC45}.Debug|Any CPU.Build.0 = Debug|Any CPU
		{EB25C9A0-E090-4A65-8CB1-E0AA1646DC45}.Release|Any CPU.ActiveCfg = Release|Any CPU
		{EB25C9A0-E090-4A65-8CB1-E0AA1646DC45}.Release|Any CPU.Build.0 = Release|Any CPU
	EndGlobalSection
	GlobalSection(SolutionProperties) = preSolution
		HideSolutionNode = FALSE
	EndGlobalSection
	GlobalSection(ExtensibilityGlobals) = postSolution
		SolutionGuid = {AC649077-9D7E-4772-8647-DE8DFC5BD5C6}
	EndGlobalSection
EndGlobal
